<?xml version="1.0" encoding="UTF-8" standalone="yes" ?>
<CodeBlocks_project_file>
	<FileVersion major="1" minor="6" />
	<Project>
		<Option title="SFSetup" />
		<Option pch_mode="2" />
		<Option compiler="gcc" />
		<Build>
			<Target title="Debug">
				<Option output="bin\Debug\SFSetup" prefix_auto="1" extension_auto="1" />
				<Option object_output="obj\Debug\" />
				<Option type="1" />
				<Option compiler="gcc" />
				<Compiler>
					<Add option="-std=c++0x" />
					<Add option="-g" />
				</Compiler>
				<Linker>
					<Add option="-lsfml-graphics-s" />
					<Add option="-lsfml-window-s" />
					<Add option="-lsfml-audio-s" />
					<Add option="-lsfml-system-s" />
				</Linker>
			</Target>
			<Target title="Release">
				<Option output="bin\Release\SFSetup" prefix_auto="1" extension_auto="1" />
				<Option object_output="obj\Release\" />
				<Option type="1" />
				<Option compiler="gcc" />
				<Compiler>
					<Add option="-O2" />
				</Compiler>
				<Linker>
					<Add option="-s" />
				</Linker>
			</Target>
		</Build>
		<Compiler>
			<Add option="-Wall" />
		</Compiler>
		<Unit filename="Core\Entity\EntityBase.cpp" />
		<Unit filename="Core\Entity\EntityBase.hpp" />
		<Unit filename="Core\Entity\Player.cpp" />
		<Unit filename="Core\Entity\Player.hpp" />
		<Unit filename="Core\LevelManager.cpp" />
		<Unit filename="Core\LevelManager.hpp" />
		<Unit filename="Core\Math.hpp" />
		<Unit filename="Core\Object.hpp" />
		<Unit filename="Core\ObjectManager.cpp" />
		<Unit filename="Core\ObjectManager.hpp" />
		<Unit filename="Core\Resources\GamePath.cpp" />
		<Unit filename="Core\Resources\GamePath.hpp" />
		<Unit filename="Core\Resources\ResourceManager.cpp" />
		<Unit filename="Core\Resources\ResourceManager.hpp" />
		<Unit filename="Main.cpp" />
		<Extensions>
			<code_completion />
			<debugger />
		</Extensions>
	</Project>
</CodeBlocks_project_file>
